
Microsoft Visual Studio Solution File, Format Version 12.00
# Visual Studio Version 17
VisualStudioVersion = 17.1.32319.34
MinimumVisualStudioVersion = 10.0.40219.1
Project("{FAE04EC0-301F-11D3-BF4B-00C04F79EFBC}") = "PROJETODAEXAME", "PROJETODAEXAME\PROJETODAEXAME.csproj", "{280CC5F5-FAB2-4E47-AD79-9BC7307D029B}"
EndProject
Global
	GlobalSection(SolutionConfigurationPlatforms) = preSolution
		Debug|Any CPU = Debug|Any CPU
		Release|Any CPU = Release|Any CPU
	EndGlobalSection
	GlobalSection(ProjectConfigurationPlatforms) = postSolution
		{280CC5F5-FAB2-4E47-AD79-9BC7307D029B}.Debug|Any CPU.ActiveCfg = Debug|Any CPU
		{280CC5F5-FAB2-4E47-AD79-9BC7307D029B}.Debug|Any CPU.Build.0 = Debug|Any CPU
		{280CC5F5-FAB2-4E47-AD79-9BC7307D029B}.Release|Any CPU.ActiveCfg = Release|Any CPU
		{280CC5F5-FAB2-4E47-AD79-9BC7307D029B}.Release|Any CPU.Build.0 = Release|Any CPU
	EndGlobalSection
	GlobalSection(SolutionProperties) = preSolution
		HideSolutionNode = FALSE
	EndGlobalSection
	GlobalSection(ExtensibilityGlobals) = postSolution
		SolutionGuid = {4AC543BB-5EC8-426F-B9FE-70DC5A573A35}
	EndGlobalSection
EndGlobal
